
Microsoft Visual Studio Solution File, Format Version 12.00
# Visual Studio Version 16
VisualStudioVersion = 16.0.31624.102
MinimumVisualStudioVersion = 10.0.40219.1
Project("{FAE04EC0-301F-11D3-BF4B-00C04F79EFBC}") = "Pokedex.UWP", "Pokedex\Pokedex.UWP\Pokedex.UWP.csproj", "{49C754CD-C100-425C-A8EB-3492D4D494FE}"
EndProject
Project("{FAE04EC0-301F-11D3-BF4B-00C04F79EFBC}") = "Pokedex.Android", "Pokedex\Pokedex.Android\Pokedex.Android.csproj", "{49AFB38C-1187-48D3-AAB2-FCF17B631BAE}"
EndProject
Project("{FAE04EC0-301F-11D3-BF4B-00C04F79EFBC}") = "Pokedex.iOS", "Pokedex\Pokedex.iOS\Pokedex.iOS.csproj", "{2E53C79D-FCB5-402E-9B4E-6F506EB05461}"
EndProject
Project("{FAE04EC0-301F-11D3-BF4B-00C04F79EFBC}") = "Pokedex", "Pokedex\Pokedex\Pokedex.csproj", "{2B83865E-D71E-43E3-B99D-CFFA334E7D75}"
EndProject
Global
	GlobalSection(SolutionConfigurationPlatforms) = preSolution
		Debug|Any CPU = Debug|Any CPU
		Debug|ARM = Debug|ARM
		Debug|iPhone = Debug|iPhone
		Debug|iPhoneSimulator = Debug|iPhoneSimulator
		Debug|x64 = Debug|x64
		Debug|x86 = Debug|x86
		Release|Any CPU = Release|Any CPU
		Release|ARM = Release|ARM
		Release|iPhone = Release|iPhone
		Release|iPhoneSimulator = Release|iPhoneSimulator
		Release|x64 = Release|x64
		Release|x86 = Release|x86
	EndGlobalSection
	GlobalSection(ProjectConfigurationPlatforms) = postSolution
		{49C754CD-C100-425C-A8EB-3492D4D494FE}.Debug|Any CPU.ActiveCfg = Debug|x86
		{49C754CD-C100-425C-A8EB-3492D4D494FE}.Debug|Any CPU.Build.0 = Debug|x86
		{49C754CD-C100-425C-A8EB-3492D4D494FE}.Debug|Any CPU.Deploy.0 = Debug|x86
		{49C754CD-C100-425C-A8EB-3492D4D494FE}.Debug|ARM.ActiveCfg = Debug|ARM
		{49C754CD-C100-425C-A8EB-3492D4D494FE}.Debug|ARM.Build.0 = Debug|ARM
		{49C754CD-C100-425C-A8EB-3492D4D494FE}.Debug|ARM.Deploy.0 = Debug|ARM
		{49C754CD-C100-425C-A8EB-3492D4D494FE}.Debug|iPhone.ActiveCfg = Debug|x86
		{49C754CD-C100-425C-A8EB-3492D4D494FE}.Debug|iPhone.Build.0 = Debug|x86
		{49C754CD-C100-425C-A8EB-3492D4D494FE}.Debug|iPhone.Deploy.0 = Debug|x86
		{49C754CD-C100-425C-A8EB-3492D4D494FE}.Debug|iPhoneSimulator.ActiveCfg = Debug|x86
		{49C754CD-C100-425C-A8EB-3492D4D494FE}.Debug|iPhoneSimulator.Build.0 = Debug|x86
		{49C754CD-C100-425C-A8EB-3492D4D494FE}.Debug|iPhoneSimulator.Deploy.0 = Debug|x86
		{49C754CD-C100-425C-A8EB-3492D4D494FE}.Debug|x64.ActiveCfg = Debug|x64
		{49C754CD-C100-425C-A8EB-3492D4D494FE}.Debug|x64.Build.0 = Debug|x64
		{49C754CD-C100-425C-A8EB-3492D4D494FE}.Debug|x64.Deploy.0 = Debug|x64
		{49C754CD-C100-425C-A8EB-3492D4D494FE}.Debug|x86.ActiveCfg = Debug|x86
		{49C754CD-C100-425C-A8EB-3492D4D494FE}.Debug|x86.Build.0 = Debug|x86
		{49C754CD-C100-425C-A8EB-3492D4D494FE}.Debug|x86.Deploy.0 = Debug|x86
		{49C754CD-C100-425C-A8EB-3492D4D494FE}.Release|Any CPU.ActiveCfg = Release|x86
		{49C754CD-C100-425C-A8EB-3492D4D494FE}.Release|Any CPU.Build.0 = Release|x86
		{49C754CD-C100-425C-A8EB-3492D4D494FE}.Release|Any CPU.Deploy.0 = Release|x86
		{49C754CD-C100-425C-A8EB-3492D4D494FE}.Release|ARM.ActiveCfg = Release|ARM
		{49C754CD-C100-425C-A8EB-3492D4D494FE}.Release|ARM.Build.0 = Release|ARM
		{49C754CD-C100-425C-A8EB-3492D4D494FE}.Release|ARM.Deploy.0 = Release|ARM
		{49C754CD-C100-425C-A8EB-3492D4D494FE}.Release|iPhone.ActiveCfg = Release|x86
		{49C754CD-C100-425C-A8EB-3492D4D494FE}.Release|iPhone.Build.0 = Release|x86
		{49C754CD-C100-425C-A8EB-3492D4D494FE}.Release|iPhone.Deploy.0 = Release|x86
		{49C754CD-C100-425C-A8EB-3492D4D494FE}.Release|iPhoneSimulator.ActiveCfg = Release|x86
		{49C754CD-C100-425C-A8EB-3492D4D494FE}.Release|iPhoneSimulator.Build.0 = Release|x86
		{49C754CD-C100-425C-A8EB-3492D4D494FE}.Release|iPhoneSimulator.Deploy.0 = Release|x86
		{49C754CD-C100-425C-A8EB-3492D4D494FE}.Release|x64.ActiveCfg = Release|x64
		{49C754CD-C100-425C-A8EB-3492D4D494FE}.Release|x64.Build.0 = Release|x64
		{49C754CD-C100-425C-A8EB-3492D4D494FE}.Release|x64.Deploy.0 = Release|x64
		{49C754CD-C100-425C-A8EB-3492D4D494FE}.Release|x86.ActiveCfg = Release|x86
		{49C754CD-C100-425C-A8EB-3492D4D494FE}.Release|x86.Build.0 = Release|x86
		{49C754CD-C100-425C-A8EB-3492D4D494FE}.Release|x86.Deploy.0 = Release|x86
		{49AFB38C-1187-48D3-AAB2-FCF17B631BAE}.Debug|Any CPU.ActiveCfg = Debug|Any CPU
		{49AFB38C-1187-48D3-AAB2-FCF17B631BAE}.Debug|Any CPU.Build.0 = Debug|Any CPU
		{49AFB38C-1187-48D3-AAB2-FCF17B631BAE}.Debug|Any CPU.Deploy.0 = Debug|Any CPU
		{49AFB38C-1187-48D3-AAB2-FCF17B631BAE}.Debug|ARM.ActiveCfg = Debug|Any CPU
		{49AFB38C-1187-48D3-AAB2-FCF17B631BAE}.Debug|ARM.Build.0 = Debug|Any CPU
		{49AFB38C-1187-48D3-AAB2-FCF17B631BAE}.Debug|ARM.Deploy.0 = Debug|Any CPU
		{49AFB38C-1187-48D3-AAB2-FCF17B631BAE}.Debug|iPhone.ActiveCfg = Debug|Any CPU
		{49AFB38C-1187-48D3-AAB2-FCF17B631BAE}.Debug|iPhone.Build.0 = Debug|Any CPU
		{49AFB38C-1187-48D3-AAB2-FCF17B631BAE}.Debug|iPhone.Deploy.0 = Debug|Any CPU
		{49AFB38C-1187-48D3-AAB2-FCF17B631BAE}.Debug|iPhoneSimulator.ActiveCfg = Debug|Any CPU
		{49AFB38C-1187-48D3-AAB2-FCF17B631BAE}.Debug|iPhoneSimulator.Build.0 = Debug|Any CPU
		{49AFB38C-1187-48D3-AAB2-FCF17B631BAE}.Debug|iPhoneSimulator.Deploy.0 = Debug|Any CPU
		{49AFB38C-1187-48D3-AAB2-FCF17B631BAE}.Debug|x64.ActiveCfg = Debug|Any CPU
		{49AFB38C-1187-48D3-AAB2-FCF17B631BAE}.Debug|x64.Build.0 = Debug|Any CPU
		{49AFB38C-1187-48D3-AAB2-FCF17B631BAE}.Debug|x64.Deploy.0 = Debug|Any CPU
		{49AFB38C-1187-48D3-AAB2-FCF17B631BAE}.Debug|x86.ActiveCfg = Debug|Any CPU
		{49AFB38C-1187-48D3-AAB2-FCF17B631BAE}.Debug|x86.Build.0 = Debug|Any CPU
		{49AFB38C-1187-48D3-AAB2-FCF17B631BAE}.Debug|x86.Deploy.0 = Debug|Any CPU
		{49AFB38C-1187-48D3-AAB2-FCF17B631BAE}.Release|Any CPU.ActiveCfg = Release|Any CPU
		{49AFB38C-1187-48D3-AAB2-FCF17B631BAE}.Release|Any CPU.Build.0 = Release|Any CPU
		{49AFB38C-1187-48D3-AAB2-FCF17B631BAE}.Release|Any CPU.Deploy.0 = Release|Any CPU
		{49AFB38C-1187-48D3-AAB2-FCF17B631BAE}.Release|ARM.ActiveCfg = Release|Any CPU
		{49AFB38C-1187-48D3-AAB2-FCF17B631BAE}.Release|ARM.Build.0 = Release|Any CPU
		{49AFB38C-1187-48D3-AAB2-FCF17B631BAE}.Release|ARM.Deploy.0 = Release|Any CPU
		{49AFB38C-1187-48D3-AAB2-FCF17B631BAE}.Release|iPhone.ActiveCfg = Release|Any CPU
		{49AFB38C-1187-48D3-AAB2-FCF17B631BAE}.Release|iPhone.Build.0 = Release|Any CPU
		{49AFB38C-1187-48D3-AAB2-FCF17B631BAE}.Release|iPhone.Deploy.0 = Release|Any CPU
		{49AFB38C-1187-48D3-AAB2-FCF17B631BAE}.Release|iPhoneSimulator.ActiveCfg = Release|Any CPU
		{49AFB38C-1187-48D3-AAB2-FCF17B631BAE}.Release|iPhoneSimulator.Build.0 = Release|Any CPU
		{49AFB38C-1187-48D3-AAB2-FCF17B631BAE}.Release|iPhoneSimulator.Deploy.0 = Release|Any CPU
		{49AFB38C-1187-48D3-AAB2-FCF17B631BAE}.Release|x64.ActiveCfg = Release|Any CPU
		{49AFB38C-1187-48D3-AAB2-FCF17B631BAE}.Release|x64.Build.0 = Release|Any CPU
		{49AFB38C-1187-48D3-AAB2-FCF17B631BAE}.Release|x64.Deploy.0 = Release|Any CPU
		{49AFB38C-1187-48D3-AAB2-FCF17B631BAE}.Release|x86.ActiveCfg = Release|Any CPU
		{49AFB38C-1187-48D3-AAB2-FCF17B631BAE}.Release|x86.Build.0 = Release|Any CPU
		{49AFB38C-1187-48D3-AAB2-FCF17B631BAE}.Release|x86.Deploy.0 = Release|Any CPU
		{2E53C79D-FCB5-402E-9B4E-6F506EB05461}.Debug|Any CPU.ActiveCfg = Debug|iPhoneSimulator
		{2E53C79D-FCB5-402E-9B4E-6F506EB05461}.Debug|Any CPU.Build.0 = Debug|iPhoneSimulator
		{2E53C79D-FCB5-402E-9B4E-6F506EB05461}.Debug|Any CPU.Deploy.0 = Debug|iPhoneSimulator
		{2E53C79D-FCB5-402E-9B4E-6F506EB05461}.Debug|ARM.ActiveCfg = Debug|iPhone
		{2E53C79D-FCB5-402E-9B4E-6F506EB05461}.Debug|ARM.Build.0 = Debug|iPhone
		{2E53C79D-FCB5-402E-9B4E-6F506EB05461}.Debug|ARM.Deploy.0 = Debug|iPhone
		{2E53C79D-FCB5-402E-9B4E-6F506EB05461}.Debug|iPhone.ActiveCfg = Debug|iPhone
		{2E53C79D-FCB5-402E-9B4E-6F506EB05461}.Debug|iPhone.Build.0 = Debug|iPhone
		{2E53C79D-FCB5-402E-9B4E-6F506EB05461}.Debug|iPhone.Deploy.0 = Debug|iPhone
		{2E53C79D-FCB5-402E-9B4E-6F506EB05461}.Debug|iPhoneSimulator.ActiveCfg = Debug|iPhoneSimulator
		{2E53C79D-FCB5-402E-9B4E-6F506EB05461}.Debug|iPhoneSimulator.Build.0 = Debug|iPhoneSimulator
		{2E53C79D-FCB5-402E-9B4E-6F506EB05461}.Debug|iPhoneSimulator.Deploy.0 = Debug|iPhoneSimulator
		{2E53C79D-FCB5-402E-9B4E-6F506EB05461}.Debug|x64.ActiveCfg = Debug|iPhoneSimulator
		{2E53C79D-FCB5-402E-9B4E-6F506EB05461}.Debug|x64.Build.0 = Debug|iPhoneSimulator
		{2E53C79D-FCB5-402E-9B4E-6F506EB05461}.Debug|x64.Deploy.0 = Debug|iPhoneSimulator
		{2E53C79D-FCB5-402E-9B4E-6F506EB05461}.Debug|x86.ActiveCfg = Debug|iPhoneSimulator
		{2E53C79D-FCB5-402E-9B4E-6F506EB05461}.Debug|x86.Build.0 = Debug|iPhoneSimulator
		{2E53C79D-FCB5-402E-9B4E-6F506EB05461}.Debug|x86.Deploy.0 = Debug|iPhoneSimulator
		{2E53C79D-FCB5-402E-9B4E-6F506EB05461}.Release|Any CPU.ActiveCfg = Release|iPhoneSimulator
		{2E53C79D-FCB5-402E-9B4E-6F506EB05461}.Release|Any CPU.Build.0 = Release|iPhoneSimulator
		{2E53C79D-FCB5-402E-9B4E-6F506EB05461}.Release|Any CPU.Deploy.0 = Release|iPhoneSimulator
		{2E53C79D-FCB5-402E-9B4E-6F506EB05461}.Release|ARM.ActiveCfg = Release|iPhoneSimulator
		{2E53C79D-FCB5-402E-9B4E-6F506EB05461}.Release|ARM.Build.0 = Release|iPhoneSimulator
		{2E53C79D-FCB5-402E-9B4E-6F506EB05461}.Release|ARM.Deploy.0 = Release|iPhoneSimulator
		{2E53C79D-FCB5-402E-9B4E-6F506EB05461}.Release|iPhone.ActiveCfg = Release|iPhone
		{2E53C79D-FCB5-402E-9B4E-6F506EB05461}.Release|iPhone.Build.0 = Release|iPhone
		{2E53C79D-FCB5-402E-9B4E-6F506EB05461}.Release|iPhone.Deploy.0 = Release|iPhone
		{2E53C79D-FCB5-402E-9B4E-6F506EB05461}.Release|iPhoneSimulator.ActiveCfg = Release|iPhoneSimulator
		{2E53C79D-FCB5-402E-9B4E-6F506EB05461}.Release|iPhoneSimulator.Build.0 = Release|iPhoneSimulator
		{2E53C79D-FCB5-402E-9B4E-6F506EB05461}.Release|iPhoneSimulator.Deploy.0 = Release|iPhoneSimulator
		{2E53C79D-FCB5-402E-9B4E-6F506EB05461}.Release|x64.ActiveCfg = Release|iPhoneSimulator
		{2E53C79D-FCB5-402E-9B4E-6F506EB05461}.Release|x64.Build.0 = Release|iPhoneSimulator
		{2E53C79D-FCB5-402E-9B4E-6F506EB05461}.Release|x64.Deploy.0 = Release|iPhoneSimulator
		{2E53C79D-FCB5-402E-9B4E-6F506EB05461}.Release|x86.ActiveCfg = Release|iPhoneSimulator
		{2E53C79D-FCB5-402E-9B4E-6F506EB05461}.Release|x86.Build.0 = Release|iPhoneSimulator
		{2E53C79D-FCB5-402E-9B4E-6F506EB05461}.Release|x86.Deploy.0 = Release|iPhoneSimulator
		{2B83865E-D71E-43E3-B99D-CFFA334E7D75}.Debug|Any CPU.ActiveCfg = Debug|Any CPU
		{2B83865E-D71E-43E3-B99D-CFFA334E7D75}.Debug|Any CPU.Build.0 = Debug|Any CPU
		{2B83865E-D71E-43E3-B99D-CFFA334E7D75}.Debug|Any CPU.Deploy.0 = Debug|Any CPU
		{2B83865E-D71E-43E3-B99D-CFFA334E7D75}.Debug|ARM.ActiveCfg = Debug|Any CPU
		{2B83865E-D71E-43E3-B99D-CFFA334E7D75}.Debug|ARM.Build.0 = Debug|Any CPU
		{2B83865E-D71E-43E3-B99D-CFFA334E7D75}.Debug|ARM.Deploy.0 = Debug|Any CPU
		{2B83865E-D71E-43E3-B99D-CFFA334E7D75}.Debug|iPhone.ActiveCfg = Debug|Any CPU
		{2B83865E-D71E-43E3-B99D-CFFA334E7D75}.Debug|iPhone.Build.0 = Debug|Any CPU
		{2B83865E-D71E-43E3-B99D-CFFA334E7D75}.Debug|iPhone.Deploy.0 = Debug|Any CPU
		{2B83865E-D71E-43E3-B99D-CFFA334E7D75}.Debug|iPhoneSimulator.ActiveCfg = Debug|Any CPU
		{2B83865E-D71E-43E3-B99D-CFFA334E7D75}.Debug|iPhoneSimulator.Build.0 = Debug|Any CPU
		{2B83865E-D71E-43E3-B99D-CFFA334E7D75}.Debug|iPhoneSimulator.Deploy.0 = Debug|Any CPU
		{2B83865E-D71E-43E3-B99D-CFFA334E7D75}.Debug|x64.ActiveCfg = Debug|Any CPU
		{2B83865E-D71E-43E3-B99D-CFFA334E7D75}.Debug|x64.Build.0 = Debug|Any CPU
		{2B83865E-D71E-43E3-B99D-CFFA334E7D75}.Debug|x64.Deploy.0 = Debug|Any CPU
		{2B83865E-D71E-43E3-B99D-CFFA334E7D75}.Debug|x86.ActiveCfg = Debug|Any CPU
		{2B83865E-D71E-43E3-B99D-CFFA334E7D75}.Debug|x86.Build.0 = Debug|Any CPU
		{2B83865E-D71E-43E3-B99D-CFFA334E7D75}.Debug|x86.Deploy.0 = Debug|Any CPU
		{2B83865E-D71E-43E3-B99D-CFFA334E7D75}.Release|Any CPU.ActiveCfg = Release|Any CPU
		{2B83865E-D71E-43E3-B99D-CFFA334E7D75}.Release|Any CPU.Build.0 = Release|Any CPU
		{2B83865E-D71E-43E3-B99D-CFFA334E7D75}.Release|Any CPU.Deploy.0 = Release|Any CPU
		{2B83865E-D71E-43E3-B99D-CFFA334E7D75}.Release|ARM.ActiveCfg = Release|Any CPU
		{2B83865E-D71E-43E3-B99D-CFFA334E7D75}.Release|ARM.Build.0 = Release|Any CPU
		{2B83865E-D71E-43E3-B99D-CFFA334E7D75}.Release|ARM.Deploy.0 = Release|Any CPU
		{2B83865E-D71E-43E3-B99D-CFFA334E7D75}.Release|iPhone.ActiveCfg = Release|Any CPU
		{2B83865E-D71E-43E3-B99D-CFFA334E7D75}.Release|iPhone.Build.0 = Release|Any CPU
		{2B83865E-D71E-43E3-B99D-CFFA334E7D75}.Release|iPhone.Deploy.0 = Release|Any CPU
		{2B83865E-D71E-43E3-B99D-CFFA334E7D75}.Release|iPhoneSimulator.ActiveCfg = Release|Any CPU
		{2B83865E-D71E-43E3-B99D-CFFA334E7D75}.Release|iPhoneSimulator.Build.0 = Release|Any CPU
		{2B83865E-D71E-43E3-B99D-CFFA334E7D75}.Release|iPhoneSimulator.Deploy.0 = Release|Any CPU
		{2B83865E-D71E-43E3-B99D-CFFA334E7D75}.Release|x64.ActiveCfg = Release|Any CPU
		{2B83865E-D71E-43E3-B99D-CFFA334E7D75}.Release|x64.Build.0 = Release|Any CPU
		{2B83865E-D71E-43E3-B99D-CFFA334E7D75}.Release|x64.Deploy.0 = Release|Any CPU
		{2B83865E-D71E-43E3-B99D-CFFA334E7D75}.Release|x86.ActiveCfg = Release|Any CPU
		{2B83865E-D71E-43E3-B99D-CFFA334E7D75}.Release|x86.Build.0 = Release|Any CPU
		{2B83865E-D71E-43E3-B99D-CFFA334E7D75}.Release|x86.Deploy.0 = Release|Any CPU
	EndGlobalSection
	GlobalSection(SolutionProperties) = preSolution
		HideSolutionNode = FALSE
	EndGlobalSection
	GlobalSection(ExtensibilityGlobals) = postSolution
		SolutionGuid = {127507C6-223F-44BB-A670-0DB8EEB30689}
	EndGlobalSection
EndGlobal
